// !$*UTF8*$!
{
	archiveVersion = 1;
	classes = {
	};
	objectVersion = 55;
	objects = {

/* Begin PBXBuildFile section */
		3C2E73184361AE979B31FF3B /* Pods_weather.framework in Frameworks */ = {isa = PBXBuildFile; fileRef = 33F6ED7B8F089D3623213A6D /* Pods_weather.framework */; };
		CE1833BA2808E107009FFF46 /* WeatherService.swift in Sources */ = {isa = PBXBuildFile; fileRef = CE1833B92808E107009FFF46 /* WeatherService.swift */; };
		CE1833E3280A2307009FFF46 /* WeatherDataModel.swift in Sources */ = {isa = PBXBuildFile; fileRef = CE1833E2280A2307009FFF46 /* WeatherDataModel.swift */; };
		CE937DE328062DBB001D2110 /* AppDelegate.swift in Sources */ = {isa = PBXBuildFile; fileRef = CE937DE228062DBB001D2110 /* AppDelegate.swift */; };
		CE937DE528062DBB001D2110 /* SceneDelegate.swift in Sources */ = {isa = PBXBuildFile; fileRef = CE937DE428062DBB001D2110 /* SceneDelegate.swift */; };
		CE937DE728062DBB001D2110 /* TabOneVC.swift in Sources */ = {isa = PBXBuildFile; fileRef = CE937DE628062DBB001D2110 /* TabOneVC.swift */; };
		CE937DEA28062DBB001D2110 /* Main.storyboard in Resources */ = {isa = PBXBuildFile; fileRef = CE937DE828062DBB001D2110 /* Main.storyboard */; };
		CE937DEC28062DBE001D2110 /* Assets.xcassets in Resources */ = {isa = PBXBuildFile; fileRef = CE937DEB28062DBE001D2110 /* Assets.xcassets */; };
		CE937DEF28062DBE001D2110 /* LaunchScreen.storyboard in Resources */ = {isa = PBXBuildFile; fileRef = CE937DED28062DBE001D2110 /* LaunchScreen.storyboard */; };
		CEB522BE280EDB7200E09BE1 /* TabTwoVC.swift in Sources */ = {isa = PBXBuildFile; fileRef = CEB522BD280EDB7200E09BE1 /* TabTwoVC.swift */; };
		CEB522C12811978700E09BE1 /* CollectionViewCell.swift in Sources */ = {isa = PBXBuildFile; fileRef = CEB522BF2811978700E09BE1 /* CollectionViewCell.swift */; };
		CEB522C22811978700E09BE1 /* CollectionViewCell.xib in Resources */ = {isa = PBXBuildFile; fileRef = CEB522C02811978700E09BE1 /* CollectionViewCell.xib */; };
/* End PBXBuildFile section */

/* Begin PBXFileReference section */
		33F6ED7B8F089D3623213A6D /* Pods_weather.framework */ = {isa = PBXFileReference; explicitFileType = wrapper.framework; includeInIndex = 0; path = Pods_weather.framework; sourceTree = BUILT_PRODUCTS_DIR; };
		7B5DECD29532B0C6EF105434 /* Pods-weather.debug.xcconfig */ = {isa = PBXFileReference; includeInIndex = 1; lastKnownFileType = text.xcconfig; name = "Pods-weather.debug.xcconfig"; path = "Target Support Files/Pods-weather/Pods-weather.debug.xcconfig"; sourceTree = "<group>"; };
		C87FA0FA04A56C67B281F72E /* Pods-weather.release.xcconfig */ = {isa = PBXFileReference; includeInIndex = 1; lastKnownFileType = text.xcconfig; name = "Pods-weather.release.xcconfig"; path = "Target Support Files/Pods-weather/Pods-weather.release.xcconfig"; sourceTree = "<group>"; };
		CE1833B92808E107009FFF46 /* WeatherService.swift */ = {isa = PBXFileReference; lastKnownFileType = sourcecode.swift; path = WeatherService.swift; sourceTree = "<group>"; };
		CE1833E2280A2307009FFF46 /* WeatherDataModel.swift */ = {isa = PBXFileReference; lastKnownFileType = sourcecode.swift; path = WeatherDataModel.swift; sourceTree = "<group>"; };
		CE937DDF28062DBB001D2110 /* weather.app */ = {isa = PBXFileReference; explicitFileType = wrapper.application; includeInIndex = 0; path = weather.app; sourceTree = BUILT_PRODUCTS_DIR; };
		CE937DE228062DBB001D2110 /* AppDelegate.swift */ = {isa = PBXFileReference; lastKnownFileType = sourcecode.swift; path = AppDelegate.swift; sourceTree = "<group>"; };
		CE937DE428062DBB001D2110 /* SceneDelegate.swift */ = {isa = PBXFileReference; lastKnownFileType = sourcecode.swift; path = SceneDelegate.swift; sourceTree = "<group>"; };
		CE937DE628062DBB001D2110 /* TabOneVC.swift */ = {isa = PBXFileReference; lastKnownFileType = sourcecode.swift; path = TabOneVC.swift; sourceTree = "<group>"; };
		CE937DE928062DBB001D2110 /* Base */ = {isa = PBXFileReference; lastKnownFileType = file.storyboard; name = Base; path = Base.lproj/Main.storyboard; sourceTree = "<group>"; };
		CE937DEB28062DBE001D2110 /* Assets.xcassets */ = {isa = PBXFileReference; lastKnownFileType = folder.assetcatalog; path = Assets.xcassets; sourceTree = "<group>"; };
		CE937DEE28062DBE001D2110 /* Base */ = {isa = PBXFileReference; lastKnownFileType = file.storyboard; name = Base; path = Base.lproj/LaunchScreen.storyboard; sourceTree = "<group>"; };
		CE937DF028062DBE001D2110 /* Info.plist */ = {isa = PBXFileReference; lastKnownFileType = text.plist.xml; path = Info.plist; sourceTree = "<group>"; };
		CEB522BD280EDB7200E09BE1 /* TabTwoVC.swift */ = {isa = PBXFileReference; lastKnownFileType = sourcecode.swift; path = TabTwoVC.swift; sourceTree = "<group>"; };
		CEB522BF2811978700E09BE1 /* CollectionViewCell.swift */ = {isa = PBXFileReference; lastKnownFileType = sourcecode.swift; path = CollectionViewCell.swift; sourceTree = "<group>"; };
		CEB522C02811978700E09BE1 /* CollectionViewCell.xib */ = {isa = PBXFileReference; lastKnownFileType = file.xib; path = CollectionViewCell.xib; sourceTree = "<group>"; };
/* End PBXFileReference section */

/* Begin PBXFrameworksBuildPhase section */
		CE937DDC28062DBB001D2110 /* Frameworks */ = {
			isa = PBXFrameworksBuildPhase;
			buildActionMask = 2147483647;
			files = (
				3C2E73184361AE979B31FF3B /* Pods_weather.framework in Frameworks */,
			);
			runOnlyForDeploymentPostprocessing = 0;
		};
/* End PBXFrameworksBuildPhase section */

/* Begin PBXGroup section */
		263B738001018A1B4A695AB1 /* Pods */ = {
			isa = PBXGroup;
			children = (
				7B5DECD29532B0C6EF105434 /* Pods-weather.debug.xcconfig */,
				C87FA0FA04A56C67B281F72E /* Pods-weather.release.xcconfig */,
			);
			path = Pods;
			sourceTree = "<group>";
		};
		CE1833B82808E0CF009FFF46 /* Services */ = {
			isa = PBXGroup;
			children = (
				CE1833B92808E107009FFF46 /* WeatherService.swift */,
				CE1833E2280A2307009FFF46 /* WeatherDataModel.swift */,
			);
			path = Services;
			sourceTree = "<group>";
		};
		CE937DD628062DBB001D2110 = {
			isa = PBXGroup;
			children = (
				CE937DE128062DBB001D2110 /* weather */,
				CE937DE028062DBB001D2110 /* Products */,
				263B738001018A1B4A695AB1 /* Pods */,
				DE3C75DE16EF77E2F52CEE1B /* Frameworks */,
			);
			sourceTree = "<group>";
		};
		CE937DE028062DBB001D2110 /* Products */ = {
			isa = PBXGroup;
			children = (
				CE937DDF28062DBB001D2110 /* weather.app */,
			);
			name = Products;
			sourceTree = "<group>";
		};
		CE937DE128062DBB001D2110 /* weather */ = {
			isa = PBXGroup;
			children = (
				CE1833B82808E0CF009FFF46 /* Services */,
				CE937DE228062DBB001D2110 /* AppDelegate.swift */,
				CE937DE428062DBB001D2110 /* SceneDelegate.swift */,
				CE937DE628062DBB001D2110 /* TabOneVC.swift */,
				CEB522C32813823A00E09BE1 /* TabTwo */,
				CE937DE828062DBB001D2110 /* Main.storyboard */,
				CE937DEB28062DBE001D2110 /* Assets.xcassets */,
				CE937DED28062DBE001D2110 /* LaunchScreen.storyboard */,
				CE937DF028062DBE001D2110 /* Info.plist */,
			);
			path = weather;
			sourceTree = "<group>";
		};
		CEB522C32813823A00E09BE1 /* TabTwo */ = {
			isa = PBXGroup;
			children = (
				CEB522BF2811978700E09BE1 /* CollectionViewCell.swift */,
				CEB522C02811978700E09BE1 /* CollectionViewCell.xib */,
				CEB522BD280EDB7200E09BE1 /* TabTwoVC.swift */,
			);
			path = TabTwo;
			sourceTree = "<group>";
		};
		DE3C75DE16EF77E2F52CEE1B /* Frameworks */ = {
			isa = PBXGroup;
			children = (
				33F6ED7B8F089D3623213A6D /* Pods_weather.framework */,
			);
			name = Frameworks;
			sourceTree = "<group>";
		};
/* End PBXGroup section */

/* Begin PBXNativeTarget section */
		CE937DDE28062DBB001D2110 /* weather */ = {
			isa = PBXNativeTarget;
			buildConfigurationList = CE937DF328062DBE001D2110 /* Build configuration list for PBXNativeTarget "weather" */;
			buildPhases = (
				91F022A1E9835F5952ADF950 /* [CP] Check Pods Manifest.lock */,
				CE937DDB28062DBB001D2110 /* Sources */,
				CE937DDC28062DBB001D2110 /* Frameworks */,
				CE937DDD28062DBB001D2110 /* Resources */,
				5613C2F2C4DFC83FCCABF9FE /* [CP] Embed Pods Frameworks */,
			);
			buildRules = (
			);
			dependencies = (
			);
			name = weather;
			productName = weather;
			productReference = CE937DDF28062DBB001D2110 /* weather.app */;
			productType = "com.apple.product-type.application";
		};
/* End PBXNativeTarget section */

/* Begin PBXProject section */
		CE937DD728062DBB001D2110 /* Project object */ = {
			isa = PBXProject;
			attributes = {
				BuildIndependentTargetsInParallel = 1;
				LastSwiftUpdateCheck = 1320;
				LastUpgradeCheck = 1320;
				TargetAttributes = {
					CE937DDE28062DBB001D2110 = {
						CreatedOnToolsVersion = 13.2.1;
					};
				};
			};
			buildConfigurationList = CE937DDA28062DBB001D2110 /* Build configuration list for PBXProject "weather" */;
			compatibilityVersion = "Xcode 13.0";
			developmentRegion = en;
			hasScannedForEncodings = 0;
			knownRegions = (
				en,
				Base,
			);
			mainGroup = CE937DD628062DBB001D2110;
			productRefGroup = CE937DE028062DBB001D2110 /* Products */;
			projectDirPath = "";
			projectRoot = "";
			targets = (
				CE937DDE28062DBB001D2110 /* weather */,
			);
		};
/* End PBXProject section */

/* Begin PBXResourcesBuildPhase section */
		CE937DDD28062DBB001D2110 /* Resources */ = {
			isa = PBXResourcesBuildPhase;
			buildActionMask = 2147483647;
			files = (
				CE937DEF28062DBE001D2110 /* LaunchScreen.storyboard in Resources */,
				CE937DEC28062DBE001D2110 /* Assets.xcassets in Resources */,
				CEB522C22811978700E09BE1 /* CollectionViewCell.xib in Resources */,
				CE937DEA28062DBB001D2110 /* Main.storyboard in Resources */,
			);
			runOnlyForDeploymentPostprocessing = 0;
		};
/* End PBXResourcesBuildPhase section */

/* Begin PBXShellScriptBuildPhase section */
		5613C2F2C4DFC83FCCABF9FE /* [CP] Embed Pods Frameworks */ = {
			isa = PBXShellScriptBuildPhase;
			buildActionMask = 2147483647;
			files = (
			);
			inputFileListPaths = (
				"${PODS_ROOT}/Target Support Files/Pods-weather/Pods-weather-frameworks-${CONFIGURATION}-input-files.xcfilelist",
			);
			name = "[CP] Embed Pods Frameworks";
			outputFileListPaths = (
				"${PODS_ROOT}/Target Support Files/Pods-weather/Pods-weather-frameworks-${CONFIGURATION}-output-files.xcfilelist",
			);
			runOnlyForDeploymentPostprocessing = 0;
			shellPath = /bin/sh;
			shellScript = "\"${PODS_ROOT}/Target Support Files/Pods-weather/Pods-weather-frameworks.sh\"\n";
			showEnvVarsInLog = 0;
		};
		91F022A1E9835F5952ADF950 /* [CP] Check Pods Manifest.lock */ = {
			isa = PBXShellScriptBuildPhase;
			buildActionMask = 2147483647;
			files = (
			);
			inputFileListPaths = (
			);
			inputPaths = (
				"${PODS_PODFILE_DIR_PATH}/Podfile.lock",
				"${PODS_ROOT}/Manifest.lock",
			);
			name = "[CP] Check Pods Manifest.lock";
			outputFileListPaths = (
			);
			outputPaths = (
				"$(DERIVED_FILE_DIR)/Pods-weather-checkManifestLockResult.txt",
			);
			runOnlyForDeploymentPostprocessing = 0;
			shellPath = /bin/sh;
			shellScript = "diff \"${PODS_PODFILE_DIR_PATH}/Podfile.lock\" \"${PODS_ROOT}/Manifest.lock\" > /dev/null\nif [ $? != 0 ] ; then\n    # print error to STDERR\n    echo \"error: The sandbox is not in sync with the Podfile.lock. Run 'pod install' or update your CocoaPods installation.\" >&2\n    exit 1\nfi\n# This output is used by Xcode 'outputs' to avoid re-running this script phase.\necho \"SUCCESS\" > \"${SCRIPT_OUTPUT_FILE_0}\"\n";
			showEnvVarsInLog = 0;
		};
/* End PBXShellScriptBuildPhase section */

/* Begin PBXSourcesBuildPhase section */
		CE937DDB28062DBB001D2110 /* Sources */ = {
			isa = PBXSourcesBuildPhase;
			buildActionMask = 2147483647;
			files = (
				CE1833BA2808E107009FFF46 /* WeatherService.swift in Sources */,
				CE937DE728062DBB001D2110 /* TabOneVC.swift in Sources */,
				CE937DE328062DBB001D2110 /* AppDelegate.swift in Sources */,
				CEB522C12811978700E09BE1 /* CollectionViewCell.swift in Sources */,
				CEB522BE280EDB7200E09BE1 /* TabTwoVC.swift in Sources */,
				CE1833E3280A2307009FFF46 /* WeatherDataModel.swift in Sources */,
				CE937DE528062DBB001D2110 /* SceneDelegate.swift in Sources */,
			);
			runOnlyForDeploymentPostprocessing = 0;
		};
/* End PBXSourcesBuildPhase section */

/* Begin PBXVariantGroup section */
		CE937DE828062DBB001D2110 /* Main.storyboard */ = {
			isa = PBXVariantGroup;
			children = (
				CE937DE928062DBB001D2110 /* Base */,
			);
			name = Main.storyboard;
			sourceTree = "<group>";
		};
		CE937DED28062DBE001D2110 /* LaunchScreen.storyboard */ = {
			isa = PBXVariantGroup;
			children = (
				CE937DEE28062DBE001D2110 /* Base */,
			);
			name = LaunchScreen.storyboard;
			sourceTree = "<group>";
		};
/* End PBXVariantGroup section */

/* Begin XCBuildConfiguration section */
		CE937DF128062DBE001D2110 /* Debug */ = {
			isa = XCBuildConfiguration;
			buildSettings = {
				ALWAYS_SEARCH_USER_PATHS = NO;
				CLANG_ANALYZER_NONNULL = YES;
				CLANG_ANALYZER_NUMBER_OBJECT_CONVERSION = YES_AGGRESSIVE;
				CLANG_CXX_LANGUAGE_STANDARD = "gnu++17";
				CLANG_CXX_LIBRARY = "libc++";
				CLANG_ENABLE_MODULES = YES;
				CLANG_ENABLE_OBJC_ARC = YES;
				CLANG_ENABLE_OBJC_WEAK = YES;
				CLANG_WARN_BLOCK_CAPTURE_AUTORELEASING = YES;
				CLANG_WARN_BOOL_CONVERSION = YES;
				CLANG_WARN_COMMA = YES;
				CLANG_WARN_CONSTANT_CONVERSION = YES;
				CLANG_WARN_DEPRECATED_OBJC_IMPLEMENTATIONS = YES;
				CLANG_WARN_DIRECT_OBJC_ISA_USAGE = YES_ERROR;
				CLANG_WARN_DOCUMENTATION_COMMENTS = YES;
				CLANG_WARN_EMPTY_BODY = YES;
				CLANG_WARN_ENUM_CONVERSION = YES;
				CLANG_WARN_INFINITE_RECURSION = YES;
				CLANG_WARN_INT_CONVERSION = YES;
				CLANG_WARN_NON_LITERAL_NULL_CONVERSION = YES;
				CLANG_WARN_OBJC_IMPLICIT_RETAIN_SELF = YES;
				CLANG_WARN_OBJC_LITERAL_CONVERSION = YES;
				CLANG_WARN_OBJC_ROOT_CLASS = YES_ERROR;
				CLANG_WARN_QUOTED_INCLUDE_IN_FRAMEWORK_HEADER = YES;
				CLANG_WARN_RANGE_LOOP_ANALYSIS = YES;
				CLANG_WARN_STRICT_PROTOTYPES = YES;
				CLANG_WARN_SUSPICIOUS_MOVE = YES;
				CLANG_WARN_UNGUARDED_AVAILABILITY = YES_AGGRESSIVE;
				CLANG_WARN_UNREACHABLE_CODE = YES;
				CLANG_WARN__DUPLICATE_METHOD_MATCH = YES;
				COPY_PHASE_STRIP = NO;
				DEBUG_INFORMATION_FORMAT = dwarf;
				ENABLE_STRICT_OBJC_MSGSEND = YES;
				ENABLE_TESTABILITY = YES;
				GCC_C_LANGUAGE_STANDARD = gnu11;
				GCC_DYNAMIC_NO_PIC = NO;
				GCC_NO_COMMON_BLOCKS = YES;
				GCC_OPTIMIZATION_LEVEL = 0;
				GCC_PREPROCESSOR_DEFINITIONS = (
					"DEBUG=1",
					"$(inherited)",
				);
				GCC_WARN_64_TO_32_BIT_CONVERSION = YES;
				GCC_WARN_ABOUT_RETURN_TYPE = YES_ERROR;
				GCC_WARN_UNDECLARED_SELECTOR = YES;
				GCC_WARN_UNINITIALIZED_AUTOS = YES_AGGRESSIVE;
				GCC_WARN_UNUSED_FUNCTION = YES;
				GCC_WARN_UNUSED_VARIABLE = YES;
				IPHONEOS_DEPLOYMENT_TARGET = 15.2;
				MTL_ENABLE_DEBUG_INFO = INCLUDE_SOURCE;
				MTL_FAST_MATH = YES;
				ONLY_ACTIVE_ARCH = YES;
				SDKROOT = iphoneos;
				SWIFT_ACTIVE_COMPILATION_CONDITIONS = DEBUG;
				SWIFT_OPTIMIZATION_LEVEL = "-Onone";
			};
			name = Debug;
		};
		CE937DF228062DBE001D2110 /* Release */ = {
			isa = XCBuildConfiguration;
			buildSettings = {
				ALWAYS_SEARCH_USER_PATHS = NO;
				CLANG_ANALYZER_NONNULL = YES;
				CLANG_ANALYZER_NUMBER_OBJECT_CONVERSION = YES_AGGRESSIVE;
				CLANG_CXX_LANGUAGE_STANDARD = "gnu++17";
				CLANG_CXX_LIBRARY = "libc++";
				CLANG_ENABLE_MODULES = YES;
				CLANG_ENABLE_OBJC_ARC = YES;
				CLANG_ENABLE_OBJC_WEAK = YES;
				CLANG_WARN_BLOCK_CAPTURE_AUTORELEASING = YES;
				CLANG_WARN_BOOL_CONVERSION = YES;
				CLANG_WARN_COMMA = YES;
				CLANG_WARN_CONSTANT_CONVERSION = YES;
				CLANG_WARN_DEPRECATED_OBJC_IMPLEMENTATIONS = YES;
				CLANG_WARN_DIRECT_OBJC_ISA_USAGE = YES_ERROR;
				CLANG_WARN_DOCUMENTATION_COMMENTS = YES;
				CLANG_WARN_EMPTY_BODY = YES;
				CLANG_WARN_ENUM_CONVERSION = YES;
				CLANG_WARN_INFINITE_RECURSION = YES;
				CLANG_WARN_INT_CONVERSION = YES;
				CLANG_WARN_NON_LITERAL_NULL_CONVERSION = YES;
				CLANG_WARN_OBJC_IMPLICIT_RETAIN_SELF = YES;
				CLANG_WARN_OBJC_LITERAL_CONVERSION = YES;
				CLANG_WARN_OBJC_ROOT_CLASS = YES_ERROR;
				CLANG_WARN_QUOTED_INCLUDE_IN_FRAMEWORK_HEADER = YES;
				CLANG_WARN_RANGE_LOOP_ANALYSIS = YES;
				CLANG_WARN_STRICT_PROTOTYPES = YES;
				CLANG_WARN_SUSPICIOUS_MOVE = YES;
				CLANG_WARN_UNGUARDED_AVAILABILITY = YES_AGGRESSIVE;
				CLANG_WARN_UNREACHABLE_CODE = YES;
				CLANG_WARN__DUPLICATE_METHOD_MATCH = YES;
				COPY_PHASE_STRIP = NO;
				DEBUG_INFORMATION_FORMAT = "dwarf-with-dsym";
				ENABLE_NS_ASSERTIONS = NO;
				ENABLE_STRICT_OBJC_MSGSEND = YES;
				GCC_C_LANGUAGE_STANDARD = gnu11;
				GCC_NO_COMMON_BLOCKS = YES;
				GCC_WARN_64_TO_32_BIT_CONVERSION = YES;
				GCC_WARN_ABOUT_RETURN_TYPE = YES_ERROR;
				GCC_WARN_UNDECLARED_SELECTOR = YES;
				GCC_WARN_UNINITIALIZED_AUTOS = YES_AGGRESSIVE;
				GCC_WARN_UNUSED_FUNCTION = YES;
				GCC_WARN_UNUSED_VARIABLE = YES;
				IPHONEOS_DEPLOYMENT_TARGET = 15.2;
				MTL_ENABLE_DEBUG_INFO = NO;
				MTL_FAST_MATH = YES;
				SDKROOT = iphoneos;
				SWIFT_COMPILATION_MODE = wholemodule;
				SWIFT_OPTIMIZATION_LEVEL = "-O";
				VALIDATE_PRODUCT = YES;
			};
			name = Release;
		};
		CE937DF428062DBE001D2110 /* Debug */ = {
			isa = XCBuildConfiguration;
			baseConfigurationReference = 7B5DECD29532B0C6EF105434 /* Pods-weather.debug.xcconfig */;
			buildSettings = {
				ASSETCATALOG_COMPILER_APPICON_NAME = AppIcon;
				ASSETCATALOG_COMPILER_GLOBAL_ACCENT_COLOR_NAME = AccentColor;
				CODE_SIGN_STYLE = Automatic;
				CURRENT_PROJECT_VERSION = 1;
				GENERATE_INFOPLIST_FILE = YES;
				INFOPLIST_FILE = weather/Info.plist;
				INFOPLIST_KEY_UIApplicationSupportsIndirectInputEvents = YES;
				INFOPLIST_KEY_UILaunchStoryboardName = LaunchScreen;
				INFOPLIST_KEY_UIMainStoryboardFile = Main;
				INFOPLIST_KEY_UISupportedInterfaceOrientations_iPad = "UIInterfaceOrientationPortrait UIInterfaceOrientationPortraitUpsideDown UIInterfaceOrientationLandscapeLeft UIInterfaceOrientationLandscapeRight";
				INFOPLIST_KEY_UISupportedInterfaceOrientations_iPhone = "UIInterfaceOrientationPortrait UIInterfaceOrientationLandscapeLeft UIInterfaceOrientationLandscapeRight";
				LD_RUNPATH_SEARCH_PATHS = (
					"$(inherited)",
					"@executable_path/Frameworks",
				);
				MARKETING_VERSION = 1.0;
				PRODUCT_BUNDLE_IDENTIFIER = com.zharova.weather;
				PRODUCT_NAME = "$(TARGET_NAME)";
				SWIFT_EMIT_LOC_STRINGS = YES;
				SWIFT_VERSION = 5.0;
				TARGETED_DEVICE_FAMILY = "1,2";
			};
			name = Debug;
		};
		CE937DF528062DBE001D2110 /* Release */ = {
			isa = XCBuildConfiguration;
			baseConfigurationReference = C87FA0FA04A56C67B281F72E /* Pods-weather.release.xcconfig */;
			buildSettings = {
				ASSETCATALOG_COMPILER_APPICON_NAME = AppIcon;
				ASSETCATALOG_COMPILER_GLOBAL_ACCENT_COLOR_NAME = AccentColor;
				CODE_SIGN_STYLE = Automatic;
				CURRENT_PROJECT_VERSION = 1;
				GENERATE_INFOPLIST_FILE = YES;
				INFOPLIST_FILE = weather/Info.plist;
				INFOPLIST_KEY_UIApplicationSupportsIndirectInputEvents = YES;
				INFOPLIST_KEY_UILaunchStoryboardName = LaunchScreen;
				INFOPLIST_KEY_UIMainStoryboardFile = Main;
				INFOPLIST_KEY_UISupportedInterfaceOrientations_iPad = "UIInterfaceOrientationPortrait UIInterfaceOrientationPortraitUpsideDown UIInterfaceOrientationLandscapeLeft UIInterfaceOrientationLandscapeRight";
				INFOPLIST_KEY_UISupportedInterfaceOrientations_iPhone = "UIInterfaceOrientationPortrait UIInterfaceOrientationLandscapeLeft UIInterfaceOrientationLandscapeRight";
				LD_RUNPATH_SEARCH_PATHS = (
					"$(inherited)",
					"@executable_path/Frameworks",
				);
				MARKETING_VERSION = 1.0;
				PRODUCT_BUNDLE_IDENTIFIER = com.zharova.weather;
				PRODUCT_NAME = "$(TARGET_NAME)";
				SWIFT_EMIT_LOC_STRINGS = YES;
				SWIFT_VERSION = 5.0;
				TARGETED_DEVICE_FAMILY = "1,2";
			};
			name = Release;
		};
/* End XCBuildConfiguration section */

/* Begin XCConfigurationList section */
		CE937DDA28062DBB001D2110 /* Build configuration list for PBXProject "weather" */ = {
			isa = XCConfigurationList;
			buildConfigurations = (
				CE937DF128062DBE001D2110 /* Debug */,
				CE937DF228062DBE001D2110 /* Release */,
			);
			defaultConfigurationIsVisible = 0;
			defaultConfigurationName = Release;
		};
		CE937DF328062DBE001D2110 /* Build configuration list for PBXNativeTarget "weather" */ = {
			isa = XCConfigurationList;
			buildConfigurations = (
				CE937DF428062DBE001D2110 /* Debug */,
				CE937DF528062DBE001D2110 /* Release */,
			);
			defaultConfigurationIsVisible = 0;
			defaultConfigurationName = Release;
		};
/* End XCConfigurationList section */
	};
	rootObject = CE937DD728062DBB001D2110 /* Project object */;
}
